// !$*UTF8*$!
{
	archiveVersion = 1;
	classes = {
	};
	objectVersion = 50;
	objects = {

/* Begin PBXBuildFile section */
		64FB9C0A87D1115D5844E7AB /* Pods_SicrediChallengeTests.framework in Frameworks */ = {isa = PBXBuildFile; fileRef = 73F71A9BDC5F0C9FCC715B9D /* Pods_SicrediChallengeTests.framework */; };
		878A6FF3AA871BE0A8E065AA /* Pods_SicrediChallenge.framework in Frameworks */ = {isa = PBXBuildFile; fileRef = 9591247ADA8FA697F0EB6531 /* Pods_SicrediChallenge.framework */; };
		9A9069E221B8159300364E00 /* AppDelegate.swift in Sources */ = {isa = PBXBuildFile; fileRef = 9A9069E121B8159300364E00 /* AppDelegate.swift */; };
		9A9069E721B8159300364E00 /* Main.storyboard in Resources */ = {isa = PBXBuildFile; fileRef = 9A9069E521B8159300364E00 /* Main.storyboard */; };
		9A9069EC21B8159600364E00 /* LaunchScreen.storyboard in Resources */ = {isa = PBXBuildFile; fileRef = 9A9069EA21B8159600364E00 /* LaunchScreen.storyboard */; };
		9A906A0521B817A700364E00 /* Request.swift in Sources */ = {isa = PBXBuildFile; fileRef = 9A906A0421B817A700364E00 /* Request.swift */; };
		9A906A0821B817B900364E00 /* API.swift in Sources */ = {isa = PBXBuildFile; fileRef = 9A906A0721B817B900364E00 /* API.swift */; };
		9A906A0A21B8197B00364E00 /* Event.swift in Sources */ = {isa = PBXBuildFile; fileRef = 9A906A0921B8197B00364E00 /* Event.swift */; };
		9A906A0C21B81AF100364E00 /* RequestClassTest.swift in Sources */ = {isa = PBXBuildFile; fileRef = 9A906A0B21B81AF100364E00 /* RequestClassTest.swift */; };
		9A906A0E21B8266600364E00 /* Person.swift in Sources */ = {isa = PBXBuildFile; fileRef = 9A906A0D21B8266600364E00 /* Person.swift */; };
		9A906A1021B826F000364E00 /* EventJsonConstants.swift in Sources */ = {isa = PBXBuildFile; fileRef = 9A906A0F21B826F000364E00 /* EventJsonConstants.swift */; };
		9A906A1221B82F9600364E00 /* PersonJsonConstants.swift in Sources */ = {isa = PBXBuildFile; fileRef = 9A906A1121B82F9600364E00 /* PersonJsonConstants.swift */; };
		9A906A1621B83E9300364E00 /* JsonMock.swift in Sources */ = {isa = PBXBuildFile; fileRef = 9A906A1521B83E9300364E00 /* JsonMock.swift */; };
		9A906A1821B8486300364E00 /* Discount.swift in Sources */ = {isa = PBXBuildFile; fileRef = 9A906A1721B8486300364E00 /* Discount.swift */; };
		9A906A1A21B84B4600364E00 /* DiscountJsonConstants.swift in Sources */ = {isa = PBXBuildFile; fileRef = 9A906A1921B84B4600364E00 /* DiscountJsonConstants.swift */; };
		9A906A1C21B8558500364E00 /* CheckInResponse.swift in Sources */ = {isa = PBXBuildFile; fileRef = 9A906A1B21B8558500364E00 /* CheckInResponse.swift */; };
		9A906A1F21B858CA00364E00 /* Extension+String.swift in Sources */ = {isa = PBXBuildFile; fileRef = 9A906A1E21B858CA00364E00 /* Extension+String.swift */; };
		9A906A2121B8AEF700364E00 /* CheckInResponseJsonConstants.swift in Sources */ = {isa = PBXBuildFile; fileRef = 9A906A2021B8AEF700364E00 /* CheckInResponseJsonConstants.swift */; };
		9A906A2521B8B01000364E00 /* MainViewController.swift in Sources */ = {isa = PBXBuildFile; fileRef = 9A906A2421B8B01000364E00 /* MainViewController.swift */; };
		9A906A2721B8B03000364E00 /* MainViewModel.swift in Sources */ = {isa = PBXBuildFile; fileRef = 9A906A2621B8B03000364E00 /* MainViewModel.swift */; };
		9A906A2C21B8B21C00364E00 /* MainEventCell.xib in Resources */ = {isa = PBXBuildFile; fileRef = 9A906A2B21B8B21B00364E00 /* MainEventCell.xib */; };
		9A906A2E21B8B33600364E00 /* MainEventTableViewCell.swift in Sources */ = {isa = PBXBuildFile; fileRef = 9A906A2D21B8B33600364E00 /* MainEventTableViewCell.swift */; };
		9A906A3021B8B40C00364E00 /* Extension+UITableViewCell.swift in Sources */ = {isa = PBXBuildFile; fileRef = 9A906A2F21B8B40C00364E00 /* Extension+UITableViewCell.swift */; };
		9A906A3221B8C34C00364E00 /* DetailsViewController.swift in Sources */ = {isa = PBXBuildFile; fileRef = 9A906A3121B8C34C00364E00 /* DetailsViewController.swift */; };
		9A906A3421B8C35E00364E00 /* DetailsViewModel.swift in Sources */ = {isa = PBXBuildFile; fileRef = 9A906A3321B8C35E00364E00 /* DetailsViewModel.swift */; };
		9A906A3821B8C4CB00364E00 /* OptionsViewCell.xib in Resources */ = {isa = PBXBuildFile; fileRef = 9A906A3521B8C4CB00364E00 /* OptionsViewCell.xib */; };
		9A906A3921B8C4CB00364E00 /* CommentViewCell.xib in Resources */ = {isa = PBXBuildFile; fileRef = 9A906A3621B8C4CB00364E00 /* CommentViewCell.xib */; };
		9A906A3A21B8C4CB00364E00 /* ImageViewCell.xib in Resources */ = {isa = PBXBuildFile; fileRef = 9A906A3721B8C4CB00364E00 /* ImageViewCell.xib */; };
		9A906A3C21B8C52000364E00 /* Assets.xcassets in Resources */ = {isa = PBXBuildFile; fileRef = 9A906A3B21B8C52000364E00 /* Assets.xcassets */; };
		9A906A4021B8C59B00364E00 /* OptionsTableViewCell.swift in Sources */ = {isa = PBXBuildFile; fileRef = 9A906A3D21B8C59A00364E00 /* OptionsTableViewCell.swift */; };
		9A906A4121B8C59B00364E00 /* ImageViewTableViewCell.swift in Sources */ = {isa = PBXBuildFile; fileRef = 9A906A3E21B8C59A00364E00 /* ImageViewTableViewCell.swift */; };
		9A906A4221B8C59B00364E00 /* CommentTableViewCell.swift in Sources */ = {isa = PBXBuildFile; fileRef = 9A906A3F21B8C59B00364E00 /* CommentTableViewCell.swift */; };
		9A906A4421B8C62E00364E00 /* Extension+UIButton.swift in Sources */ = {isa = PBXBuildFile; fileRef = 9A906A4321B8C62E00364E00 /* Extension+UIButton.swift */; };
/* End PBXBuildFile section */

/* Begin PBXContainerItemProxy section */
		9A9069F321B8159600364E00 /* PBXContainerItemProxy */ = {
			isa = PBXContainerItemProxy;
			containerPortal = 9A9069D621B8159300364E00 /* Project object */;
			proxyType = 1;
			remoteGlobalIDString = 9A9069DD21B8159300364E00;
			remoteInfo = SicrediChallenge;
		};
/* End PBXContainerItemProxy section */

/* Begin PBXFileReference section */
		73F71A9BDC5F0C9FCC715B9D /* Pods_SicrediChallengeTests.framework */ = {isa = PBXFileReference; explicitFileType = wrapper.framework; includeInIndex = 0; path = Pods_SicrediChallengeTests.framework; sourceTree = BUILT_PRODUCTS_DIR; };
		86EE159E6542C6A8B400950D /* Pods-SicrediChallengeTests.release.xcconfig */ = {isa = PBXFileReference; includeInIndex = 1; lastKnownFileType = text.xcconfig; name = "Pods-SicrediChallengeTests.release.xcconfig"; path = "Pods/Target Support Files/Pods-SicrediChallengeTests/Pods-SicrediChallengeTests.release.xcconfig"; sourceTree = "<group>"; };
		9591247ADA8FA697F0EB6531 /* Pods_SicrediChallenge.framework */ = {isa = PBXFileReference; explicitFileType = wrapper.framework; includeInIndex = 0; path = Pods_SicrediChallenge.framework; sourceTree = BUILT_PRODUCTS_DIR; };
		9A9069DE21B8159300364E00 /* SicrediChallenge.app */ = {isa = PBXFileReference; explicitFileType = wrapper.application; includeInIndex = 0; path = SicrediChallenge.app; sourceTree = BUILT_PRODUCTS_DIR; };
		9A9069E121B8159300364E00 /* AppDelegate.swift */ = {isa = PBXFileReference; lastKnownFileType = sourcecode.swift; path = AppDelegate.swift; sourceTree = "<group>"; };
		9A9069E621B8159300364E00 /* Base */ = {isa = PBXFileReference; lastKnownFileType = file.storyboard; name = Base; path = Base.lproj/Main.storyboard; sourceTree = "<group>"; };
		9A9069EB21B8159600364E00 /* Base */ = {isa = PBXFileReference; lastKnownFileType = file.storyboard; name = Base; path = Base.lproj/LaunchScreen.storyboard; sourceTree = "<group>"; };
		9A9069ED21B8159600364E00 /* Info.plist */ = {isa = PBXFileReference; lastKnownFileType = text.plist.xml; path = Info.plist; sourceTree = "<group>"; };
		9A9069F221B8159600364E00 /* SicrediChallengeTests.xctest */ = {isa = PBXFileReference; explicitFileType = wrapper.cfbundle; includeInIndex = 0; path = SicrediChallengeTests.xctest; sourceTree = BUILT_PRODUCTS_DIR; };
		9A9069F821B8159600364E00 /* Info.plist */ = {isa = PBXFileReference; lastKnownFileType = text.plist.xml; path = Info.plist; sourceTree = "<group>"; };
		9A906A0421B817A700364E00 /* Request.swift */ = {isa = PBXFileReference; lastKnownFileType = sourcecode.swift; path = Request.swift; sourceTree = "<group>"; };
		9A906A0721B817B900364E00 /* API.swift */ = {isa = PBXFileReference; lastKnownFileType = sourcecode.swift; path = API.swift; sourceTree = "<group>"; };
		9A906A0921B8197B00364E00 /* Event.swift */ = {isa = PBXFileReference; lastKnownFileType = sourcecode.swift; path = Event.swift; sourceTree = "<group>"; };
		9A906A0B21B81AF100364E00 /* RequestClassTest.swift */ = {isa = PBXFileReference; lastKnownFileType = sourcecode.swift; path = RequestClassTest.swift; sourceTree = "<group>"; };
		9A906A0D21B8266600364E00 /* Person.swift */ = {isa = PBXFileReference; lastKnownFileType = sourcecode.swift; path = Person.swift; sourceTree = "<group>"; };
		9A906A0F21B826F000364E00 /* EventJsonConstants.swift */ = {isa = PBXFileReference; lastKnownFileType = sourcecode.swift; path = EventJsonConstants.swift; sourceTree = "<group>"; };
		9A906A1121B82F9600364E00 /* PersonJsonConstants.swift */ = {isa = PBXFileReference; lastKnownFileType = sourcecode.swift; path = PersonJsonConstants.swift; sourceTree = "<group>"; };
		9A906A1521B83E9300364E00 /* JsonMock.swift */ = {isa = PBXFileReference; lastKnownFileType = sourcecode.swift; path = JsonMock.swift; sourceTree = "<group>"; };
		9A906A1721B8486300364E00 /* Discount.swift */ = {isa = PBXFileReference; lastKnownFileType = sourcecode.swift; path = Discount.swift; sourceTree = "<group>"; };
		9A906A1921B84B4600364E00 /* DiscountJsonConstants.swift */ = {isa = PBXFileReference; lastKnownFileType = sourcecode.swift; path = DiscountJsonConstants.swift; sourceTree = "<group>"; };
		9A906A1B21B8558500364E00 /* CheckInResponse.swift */ = {isa = PBXFileReference; lastKnownFileType = sourcecode.swift; path = CheckInResponse.swift; sourceTree = "<group>"; };
		9A906A1E21B858CA00364E00 /* Extension+String.swift */ = {isa = PBXFileReference; lastKnownFileType = sourcecode.swift; path = "Extension+String.swift"; sourceTree = "<group>"; };
		9A906A2021B8AEF700364E00 /* CheckInResponseJsonConstants.swift */ = {isa = PBXFileReference; lastKnownFileType = sourcecode.swift; path = CheckInResponseJsonConstants.swift; sourceTree = "<group>"; };
		9A906A2421B8B01000364E00 /* MainViewController.swift */ = {isa = PBXFileReference; lastKnownFileType = sourcecode.swift; path = MainViewController.swift; sourceTree = "<group>"; };
		9A906A2621B8B03000364E00 /* MainViewModel.swift */ = {isa = PBXFileReference; lastKnownFileType = sourcecode.swift; path = MainViewModel.swift; sourceTree = "<group>"; };
		9A906A2B21B8B21B00364E00 /* MainEventCell.xib */ = {isa = PBXFileReference; lastKnownFileType = file.xib; path = MainEventCell.xib; sourceTree = "<group>"; };
		9A906A2D21B8B33600364E00 /* MainEventTableViewCell.swift */ = {isa = PBXFileReference; lastKnownFileType = sourcecode.swift; path = MainEventTableViewCell.swift; sourceTree = "<group>"; };
		9A906A2F21B8B40C00364E00 /* Extension+UITableViewCell.swift */ = {isa = PBXFileReference; lastKnownFileType = sourcecode.swift; path = "Extension+UITableViewCell.swift"; sourceTree = "<group>"; };
		9A906A3121B8C34C00364E00 /* DetailsViewController.swift */ = {isa = PBXFileReference; lastKnownFileType = sourcecode.swift; path = DetailsViewController.swift; sourceTree = "<group>"; };
		9A906A3321B8C35E00364E00 /* DetailsViewModel.swift */ = {isa = PBXFileReference; lastKnownFileType = sourcecode.swift; path = DetailsViewModel.swift; sourceTree = "<group>"; };
		9A906A3521B8C4CB00364E00 /* OptionsViewCell.xib */ = {isa = PBXFileReference; fileEncoding = 4; lastKnownFileType = file.xib; path = OptionsViewCell.xib; sourceTree = "<group>"; };
		9A906A3621B8C4CB00364E00 /* CommentViewCell.xib */ = {isa = PBXFileReference; fileEncoding = 4; lastKnownFileType = file.xib; path = CommentViewCell.xib; sourceTree = "<group>"; };
		9A906A3721B8C4CB00364E00 /* ImageViewCell.xib */ = {isa = PBXFileReference; fileEncoding = 4; lastKnownFileType = file.xib; path = ImageViewCell.xib; sourceTree = "<group>"; };
		9A906A3B21B8C52000364E00 /* Assets.xcassets */ = {isa = PBXFileReference; lastKnownFileType = folder.assetcatalog; name = Assets.xcassets; path = ../../../../4all/Code/fourAllChallenge/fourAllChallenge/Assets.xcassets; sourceTree = "<group>"; };
		9A906A3D21B8C59A00364E00 /* OptionsTableViewCell.swift */ = {isa = PBXFileReference; fileEncoding = 4; lastKnownFileType = sourcecode.swift; path = OptionsTableViewCell.swift; sourceTree = "<group>"; };
		9A906A3E21B8C59A00364E00 /* ImageViewTableViewCell.swift */ = {isa = PBXFileReference; fileEncoding = 4; lastKnownFileType = sourcecode.swift; path = ImageViewTableViewCell.swift; sourceTree = "<group>"; };
		9A906A3F21B8C59B00364E00 /* CommentTableViewCell.swift */ = {isa = PBXFileReference; fileEncoding = 4; lastKnownFileType = sourcecode.swift; path = CommentTableViewCell.swift; sourceTree = "<group>"; };
		9A906A4321B8C62E00364E00 /* Extension+UIButton.swift */ = {isa = PBXFileReference; lastKnownFileType = sourcecode.swift; path = "Extension+UIButton.swift"; sourceTree = "<group>"; };
		D0FA7F5E73D2E9A3DCF77D26 /* Pods-SicrediChallenge.debug.xcconfig */ = {isa = PBXFileReference; includeInIndex = 1; lastKnownFileType = text.xcconfig; name = "Pods-SicrediChallenge.debug.xcconfig"; path = "Pods/Target Support Files/Pods-SicrediChallenge/Pods-SicrediChallenge.debug.xcconfig"; sourceTree = "<group>"; };
		EDC75E3098B1E827DB7092E6 /* Pods-SicrediChallenge.release.xcconfig */ = {isa = PBXFileReference; includeInIndex = 1; lastKnownFileType = text.xcconfig; name = "Pods-SicrediChallenge.release.xcconfig"; path = "Pods/Target Support Files/Pods-SicrediChallenge/Pods-SicrediChallenge.release.xcconfig"; sourceTree = "<group>"; };
		FFFA4FEE3443D7223BBC5C5E /* Pods-SicrediChallengeTests.debug.xcconfig */ = {isa = PBXFileReference; includeInIndex = 1; lastKnownFileType = text.xcconfig; name = "Pods-SicrediChallengeTests.debug.xcconfig"; path = "Pods/Target Support Files/Pods-SicrediChallengeTests/Pods-SicrediChallengeTests.debug.xcconfig"; sourceTree = "<group>"; };
/* End PBXFileReference section */

/* Begin PBXFrameworksBuildPhase section */
		9A9069DB21B8159300364E00 /* Frameworks */ = {
			isa = PBXFrameworksBuildPhase;
			buildActionMask = 2147483647;
			files = (
				878A6FF3AA871BE0A8E065AA /* Pods_SicrediChallenge.framework in Frameworks */,
			);
			runOnlyForDeploymentPostprocessing = 0;
		};
		9A9069EF21B8159600364E00 /* Frameworks */ = {
			isa = PBXFrameworksBuildPhase;
			buildActionMask = 2147483647;
			files = (
				64FB9C0A87D1115D5844E7AB /* Pods_SicrediChallengeTests.framework in Frameworks */,
			);
			runOnlyForDeploymentPostprocessing = 0;
		};
/* End PBXFrameworksBuildPhase section */

/* Begin PBXGroup section */
		94DDD066EA0D4D9AEC21BA90 /* Frameworks */ = {
			isa = PBXGroup;
			children = (
				9591247ADA8FA697F0EB6531 /* Pods_SicrediChallenge.framework */,
				73F71A9BDC5F0C9FCC715B9D /* Pods_SicrediChallengeTests.framework */,
			);
			name = Frameworks;
			sourceTree = "<group>";
		};
		9A9069D521B8159300364E00 = {
			isa = PBXGroup;
			children = (
				9A9069E021B8159300364E00 /* SicrediChallenge */,
				9A9069F521B8159600364E00 /* SicrediChallengeTests */,
				9A9069DF21B8159300364E00 /* Products */,
				D1A1CEDF7146F9FF70C6804A /* Pods */,
				94DDD066EA0D4D9AEC21BA90 /* Frameworks */,
			);
			sourceTree = "<group>";
		};
		9A9069DF21B8159300364E00 /* Products */ = {
			isa = PBXGroup;
			children = (
				9A9069DE21B8159300364E00 /* SicrediChallenge.app */,
				9A9069F221B8159600364E00 /* SicrediChallengeTests.xctest */,
			);
			name = Products;
			sourceTree = "<group>";
		};
		9A9069E021B8159300364E00 /* SicrediChallenge */ = {
			isa = PBXGroup;
			children = (
				9A906A2321B8AFF300364E00 /* ViewControllers */,
				9A9069E121B8159300364E00 /* AppDelegate.swift */,
				9A906A2821B8B03600364E00 /* ViewModels */,
				9A906A1D21B858B200364E00 /* Extensions */,
				9A906A0221B8162500364E00 /* Model */,
				9A906A2921B8B0E600364E00 /* Views */,
				9A906A3B21B8C52000364E00 /* Assets.xcassets */,
				9A9069ED21B8159600364E00 /* Info.plist */,
			);
			path = SicrediChallenge;
			sourceTree = "<group>";
		};
		9A9069F521B8159600364E00 /* SicrediChallengeTests */ = {
			isa = PBXGroup;
			children = (
				9A906A0B21B81AF100364E00 /* RequestClassTest.swift */,
				9A906A1521B83E9300364E00 /* JsonMock.swift */,
				9A9069F821B8159600364E00 /* Info.plist */,
			);
			path = SicrediChallengeTests;
			sourceTree = "<group>";
		};
		9A906A0221B8162500364E00 /* Model */ = {
			isa = PBXGroup;
			children = (
				9A906A0621B817B100364E00 /* Constants */,
				9A906A0321B8179C00364E00 /* Network */,
				9A906A0921B8197B00364E00 /* Event.swift */,
				9A906A1721B8486300364E00 /* Discount.swift */,
				9A906A0D21B8266600364E00 /* Person.swift */,
				9A906A1B21B8558500364E00 /* CheckInResponse.swift */,
			);
			path = Model;
			sourceTree = "<group>";
		};
		9A906A0321B8179C00364E00 /* Network */ = {
			isa = PBXGroup;
			children = (
				9A906A0421B817A700364E00 /* Request.swift */,
			);
			path = Network;
			sourceTree = "<group>";
		};
		9A906A0621B817B100364E00 /* Constants */ = {
			isa = PBXGroup;
			children = (
				9A906A0721B817B900364E00 /* API.swift */,
				9A906A0F21B826F000364E00 /* EventJsonConstants.swift */,
				9A906A1121B82F9600364E00 /* PersonJsonConstants.swift */,
				9A906A1921B84B4600364E00 /* DiscountJsonConstants.swift */,
				9A906A2021B8AEF700364E00 /* CheckInResponseJsonConstants.swift */,
			);
			path = Constants;
			sourceTree = "<group>";
		};
		9A906A1D21B858B200364E00 /* Extensions */ = {
			isa = PBXGroup;
			children = (
				9A906A1E21B858CA00364E00 /* Extension+String.swift */,
				9A906A4321B8C62E00364E00 /* Extension+UIButton.swift */,
				9A906A2F21B8B40C00364E00 /* Extension+UITableViewCell.swift */,
			);
			path = Extensions;
			sourceTree = "<group>";
		};
		9A906A2321B8AFF300364E00 /* ViewControllers */ = {
			isa = PBXGroup;
			children = (
				9A906A2421B8B01000364E00 /* MainViewController.swift */,
				9A906A3121B8C34C00364E00 /* DetailsViewController.swift */,
			);
			path = ViewControllers;
			sourceTree = "<group>";
		};
		9A906A2821B8B03600364E00 /* ViewModels */ = {
			isa = PBXGroup;
			children = (
				9A906A2621B8B03000364E00 /* MainViewModel.swift */,
				9A906A3321B8C35E00364E00 /* DetailsViewModel.swift */,
			);
			path = ViewModels;
			sourceTree = "<group>";
		};
		9A906A2921B8B0E600364E00 /* Views */ = {
			isa = PBXGroup;
			children = (
				9A906A2A21B8B1C500364E00 /* Cells */,
				9A9069E521B8159300364E00 /* Main.storyboard */,
				9A9069EA21B8159600364E00 /* LaunchScreen.storyboard */,
			);
			path = Views;
			sourceTree = "<group>";
		};
		9A906A2A21B8B1C500364E00 /* Cells */ = {
			isa = PBXGroup;
			children = (
				9A906A2B21B8B21B00364E00 /* MainEventCell.xib */,
				9A906A3621B8C4CB00364E00 /* CommentViewCell.xib */,
				9A906A3721B8C4CB00364E00 /* ImageViewCell.xib */,
				9A906A3F21B8C59B00364E00 /* CommentTableViewCell.swift */,
				9A906A3E21B8C59A00364E00 /* ImageViewTableViewCell.swift */,
				9A906A3D21B8C59A00364E00 /* OptionsTableViewCell.swift */,
				9A906A3521B8C4CB00364E00 /* OptionsViewCell.xib */,
				9A906A2D21B8B33600364E00 /* MainEventTableViewCell.swift */,
			);
			path = Cells;
			sourceTree = "<group>";
		};
		D1A1CEDF7146F9FF70C6804A /* Pods */ = {
			isa = PBXGroup;
			children = (
				D0FA7F5E73D2E9A3DCF77D26 /* Pods-SicrediChallenge.debug.xcconfig */,
				EDC75E3098B1E827DB7092E6 /* Pods-SicrediChallenge.release.xcconfig */,
				FFFA4FEE3443D7223BBC5C5E /* Pods-SicrediChallengeTests.debug.xcconfig */,
				86EE159E6542C6A8B400950D /* Pods-SicrediChallengeTests.release.xcconfig */,
			);
			name = Pods;
			sourceTree = "<group>";
		};
/* End PBXGroup section */

/* Begin PBXNativeTarget section */
		9A9069DD21B8159300364E00 /* SicrediChallenge */ = {
			isa = PBXNativeTarget;
			buildConfigurationList = 9A9069FB21B8159600364E00 /* Build configuration list for PBXNativeTarget "SicrediChallenge" */;
			buildPhases = (
				3B235FACD09FE5A026B5BA3E /* [CP] Check Pods Manifest.lock */,
				9A9069DA21B8159300364E00 /* Sources */,
				9A9069DB21B8159300364E00 /* Frameworks */,
				9A9069DC21B8159300364E00 /* Resources */,
				C05111C5EB84B416577436AA /* [CP] Embed Pods Frameworks */,
				DD45AC228B25FBF1D9DA8040 /* [CP] Copy Pods Resources */,
			);
			buildRules = (
			);
			dependencies = (
			);
			name = SicrediChallenge;
			productName = SicrediChallenge;
			productReference = 9A9069DE21B8159300364E00 /* SicrediChallenge.app */;
			productType = "com.apple.product-type.application";
		};
		9A9069F121B8159600364E00 /* SicrediChallengeTests */ = {
			isa = PBXNativeTarget;
			buildConfigurationList = 9A9069FE21B8159600364E00 /* Build configuration list for PBXNativeTarget "SicrediChallengeTests" */;
			buildPhases = (
				F18FDB53856D2F33E867227B /* [CP] Check Pods Manifest.lock */,
				9A9069EE21B8159600364E00 /* Sources */,
				9A9069EF21B8159600364E00 /* Frameworks */,
				9A9069F021B8159600364E00 /* Resources */,
				63462750BD8DC7C978CCA1BD /* [CP] Embed Pods Frameworks */,
				40C4C70F16401EDF87CEDE79 /* [CP] Copy Pods Resources */,
			);
			buildRules = (
			);
			dependencies = (
				9A9069F421B8159600364E00 /* PBXTargetDependency */,
			);
			name = SicrediChallengeTests;
			productName = SicrediChallengeTests;
			productReference = 9A9069F221B8159600364E00 /* SicrediChallengeTests.xctest */;
			productType = "com.apple.product-type.bundle.unit-test";
		};
/* End PBXNativeTarget section */

/* Begin PBXProject section */
		9A9069D621B8159300364E00 /* Project object */ = {
			isa = PBXProject;
			attributes = {
				LastSwiftUpdateCheck = 1010;
				LastUpgradeCheck = 1010;
				ORGANIZATIONNAME = Bruno;
				TargetAttributes = {
					9A9069DD21B8159300364E00 = {
						CreatedOnToolsVersion = 10.1;
					};
					9A9069F121B8159600364E00 = {
						CreatedOnToolsVersion = 10.1;
						TestTargetID = 9A9069DD21B8159300364E00;
					};
				};
			};
			buildConfigurationList = 9A9069D921B8159300364E00 /* Build configuration list for PBXProject "SicrediChallenge" */;
			compatibilityVersion = "Xcode 9.3";
			developmentRegion = en;
			hasScannedForEncodings = 0;
			knownRegions = (
				en,
				Base,
			);
			mainGroup = 9A9069D521B8159300364E00;
			productRefGroup = 9A9069DF21B8159300364E00 /* Products */;
			projectDirPath = "";
			projectRoot = "";
			targets = (
				9A9069DD21B8159300364E00 /* SicrediChallenge */,
				9A9069F121B8159600364E00 /* SicrediChallengeTests */,
			);
		};
/* End PBXProject section */

/* Begin PBXResourcesBuildPhase section */
		9A9069DC21B8159300364E00 /* Resources */ = {
			isa = PBXResourcesBuildPhase;
			buildActionMask = 2147483647;
			files = (
				9A906A3821B8C4CB00364E00 /* OptionsViewCell.xib in Resources */,
				9A9069EC21B8159600364E00 /* LaunchScreen.storyboard in Resources */,
				9A906A3921B8C4CB00364E00 /* CommentViewCell.xib in Resources */,
				9A906A2C21B8B21C00364E00 /* MainEventCell.xib in Resources */,
				9A906A3A21B8C4CB00364E00 /* ImageViewCell.xib in Resources */,
				9A906A3C21B8C52000364E00 /* Assets.xcassets in Resources */,
				9A9069E721B8159300364E00 /* Main.storyboard in Resources */,
			);
			runOnlyForDeploymentPostprocessing = 0;
		};
		9A9069F021B8159600364E00 /* Resources */ = {
			isa = PBXResourcesBuildPhase;
			buildActionMask = 2147483647;
			files = (
			);
			runOnlyForDeploymentPostprocessing = 0;
		};
/* End PBXResourcesBuildPhase section */

/* Begin PBXShellScriptBuildPhase section */
		3B235FACD09FE5A026B5BA3E /* [CP] Check Pods Manifest.lock */ = {
			isa = PBXShellScriptBuildPhase;
			buildActionMask = 2147483647;
			files = (
			);
			inputPaths = (
				"${PODS_PODFILE_DIR_PATH}/Podfile.lock",
				"${PODS_ROOT}/Manifest.lock",
			);
			name = "[CP] Check Pods Manifest.lock";
			outputPaths = (
				"$(DERIVED_FILE_DIR)/Pods-SicrediChallenge-checkManifestLockResult.txt",
			);
			runOnlyForDeploymentPostprocessing = 0;
			shellPath = /bin/sh;
			shellScript = "diff \"${PODS_PODFILE_DIR_PATH}/Podfile.lock\" \"${PODS_ROOT}/Manifest.lock\" > /dev/null\nif [ $? != 0 ] ; then\n    # print error to STDERR\n    echo \"error: The sandbox is not in sync with the Podfile.lock. Run 'pod install' or update your CocoaPods installation.\" >&2\n    exit 1\nfi\n# This output is used by Xcode 'outputs' to avoid re-running this script phase.\necho \"SUCCESS\" > \"${SCRIPT_OUTPUT_FILE_0}\"\n";
			showEnvVarsInLog = 0;
		};
		40C4C70F16401EDF87CEDE79 /* [CP] Copy Pods Resources */ = {
			isa = PBXShellScriptBuildPhase;
			buildActionMask = 2147483647;
			files = (
			);
			inputPaths = (
			);
			name = "[CP] Copy Pods Resources";
			outputPaths = (
			);
			runOnlyForDeploymentPostprocessing = 0;
			shellPath = /bin/sh;
			shellScript = "\"${SRCROOT}/Pods/Target Support Files/Pods-SicrediChallengeTests/Pods-SicrediChallengeTests-resources.sh\"\n";
			showEnvVarsInLog = 0;
		};
		63462750BD8DC7C978CCA1BD /* [CP] Embed Pods Frameworks */ = {
			isa = PBXShellScriptBuildPhase;
			buildActionMask = 2147483647;
			files = (
			);
			inputPaths = (
			);
			name = "[CP] Embed Pods Frameworks";
			outputPaths = (
			);
			runOnlyForDeploymentPostprocessing = 0;
			shellPath = /bin/sh;
			shellScript = "\"${SRCROOT}/Pods/Target Support Files/Pods-SicrediChallengeTests/Pods-SicrediChallengeTests-frameworks.sh\"\n";
			showEnvVarsInLog = 0;
		};
		C05111C5EB84B416577436AA /* [CP] Embed Pods Frameworks */ = {
			isa = PBXShellScriptBuildPhase;
			buildActionMask = 2147483647;
			files = (
			);
			inputPaths = (
				"${SRCROOT}/Pods/Target Support Files/Pods-SicrediChallenge/Pods-SicrediChallenge-frameworks.sh",
				"${BUILT_PRODUCTS_DIR}/Alamofire/Alamofire.framework",
				"${BUILT_PRODUCTS_DIR}/AlamofireImage/AlamofireImage.framework",
				"${BUILT_PRODUCTS_DIR}/AlamofireObjectMapper/AlamofireObjectMapper.framework",
				"${BUILT_PRODUCTS_DIR}/ObjectMapper/ObjectMapper.framework",
				"${BUILT_PRODUCTS_DIR}/RxAtomic/RxAtomic.framework",
				"${BUILT_PRODUCTS_DIR}/RxCocoa/RxCocoa.framework",
				"${BUILT_PRODUCTS_DIR}/RxOptional/RxOptional.framework",
				"${BUILT_PRODUCTS_DIR}/RxSwift/RxSwift.framework",
			);
			name = "[CP] Embed Pods Frameworks";
			outputPaths = (
				"${TARGET_BUILD_DIR}/${FRAMEWORKS_FOLDER_PATH}/Alamofire.framework",
				"${TARGET_BUILD_DIR}/${FRAMEWORKS_FOLDER_PATH}/AlamofireImage.framework",
				"${TARGET_BUILD_DIR}/${FRAMEWORKS_FOLDER_PATH}/AlamofireObjectMapper.framework",
				"${TARGET_BUILD_DIR}/${FRAMEWORKS_FOLDER_PATH}/ObjectMapper.framework",
				"${TARGET_BUILD_DIR}/${FRAMEWORKS_FOLDER_PATH}/RxAtomic.framework",
				"${TARGET_BUILD_DIR}/${FRAMEWORKS_FOLDER_PATH}/RxCocoa.framework",
				"${TARGET_BUILD_DIR}/${FRAMEWORKS_FOLDER_PATH}/RxOptional.framework",
				"${TARGET_BUILD_DIR}/${FRAMEWORKS_FOLDER_PATH}/RxSwift.framework",
			);
			runOnlyForDeploymentPostprocessing = 0;
			shellPath = /bin/sh;
			shellScript = "\"${SRCROOT}/Pods/Target Support Files/Pods-SicrediChallenge/Pods-SicrediChallenge-frameworks.sh\"\n";
			showEnvVarsInLog = 0;
		};
		DD45AC228B25FBF1D9DA8040 /* [CP] Copy Pods Resources */ = {
			isa = PBXShellScriptBuildPhase;
			buildActionMask = 2147483647;
			files = (
			);
			inputPaths = (
			);
			name = "[CP] Copy Pods Resources";
			outputPaths = (
			);
			runOnlyForDeploymentPostprocessing = 0;
			shellPath = /bin/sh;
			shellScript = "\"${SRCROOT}/Pods/Target Support Files/Pods-SicrediChallenge/Pods-SicrediChallenge-resources.sh\"\n";
			showEnvVarsInLog = 0;
		};
		F18FDB53856D2F33E867227B /* [CP] Check Pods Manifest.lock */ = {
			isa = PBXShellScriptBuildPhase;
			buildActionMask = 2147483647;
			files = (
			);
			inputPaths = (
				"${PODS_PODFILE_DIR_PATH}/Podfile.lock",
				"${PODS_ROOT}/Manifest.lock",
			);
			name = "[CP] Check Pods Manifest.lock";
			outputPaths = (
				"$(DERIVED_FILE_DIR)/Pods-SicrediChallengeTests-checkManifestLockResult.txt",
			);
			runOnlyForDeploymentPostprocessing = 0;
			shellPath = /bin/sh;
			shellScript = "diff \"${PODS_PODFILE_DIR_PATH}/Podfile.lock\" \"${PODS_ROOT}/Manifest.lock\" > /dev/null\nif [ $? != 0 ] ; then\n    # print error to STDERR\n    echo \"error: The sandbox is not in sync with the Podfile.lock. Run 'pod install' or update your CocoaPods installation.\" >&2\n    exit 1\nfi\n# This output is used by Xcode 'outputs' to avoid re-running this script phase.\necho \"SUCCESS\" > \"${SCRIPT_OUTPUT_FILE_0}\"\n";
			showEnvVarsInLog = 0;
		};
/* End PBXShellScriptBuildPhase section */

/* Begin PBXSourcesBuildPhase section */
		9A9069DA21B8159300364E00 /* Sources */ = {
			isa = PBXSourcesBuildPhase;
			buildActionMask = 2147483647;
			files = (
				9A906A2121B8AEF700364E00 /* CheckInResponseJsonConstants.swift in Sources */,
				9A906A2521B8B01000364E00 /* MainViewController.swift in Sources */,
				9A906A0521B817A700364E00 /* Request.swift in Sources */,
				9A906A3021B8B40C00364E00 /* Extension+UITableViewCell.swift in Sources */,
				9A906A4221B8C59B00364E00 /* CommentTableViewCell.swift in Sources */,
				9A906A1A21B84B4600364E00 /* DiscountJsonConstants.swift in Sources */,
				9A906A1821B8486300364E00 /* Discount.swift in Sources */,
				9A906A1221B82F9600364E00 /* PersonJsonConstants.swift in Sources */,
				9A906A2E21B8B33600364E00 /* MainEventTableViewCell.swift in Sources */,
				9A906A4121B8C59B00364E00 /* ImageViewTableViewCell.swift in Sources */,
				9A906A1021B826F000364E00 /* EventJsonConstants.swift in Sources */,
				9A906A4421B8C62E00364E00 /* Extension+UIButton.swift in Sources */,
				9A906A4021B8C59B00364E00 /* OptionsTableViewCell.swift in Sources */,
				9A906A3221B8C34C00364E00 /* DetailsViewController.swift in Sources */,
				9A906A2721B8B03000364E00 /* MainViewModel.swift in Sources */,
				9A906A0A21B8197B00364E00 /* Event.swift in Sources */,
				9A906A0821B817B900364E00 /* API.swift in Sources */,
				9A906A1F21B858CA00364E00 /* Extension+String.swift in Sources */,
				9A906A0E21B8266600364E00 /* Person.swift in Sources */,
				9A9069E221B8159300364E00 /* AppDelegate.swift in Sources */,
				9A906A1C21B8558500364E00 /* CheckInResponse.swift in Sources */,
				9A906A3421B8C35E00364E00 /* DetailsViewModel.swift in Sources */,
			);
			runOnlyForDeploymentPostprocessing = 0;
		};
		9A9069EE21B8159600364E00 /* Sources */ = {
			isa = PBXSourcesBuildPhase;
			buildActionMask = 2147483647;
			files = (
				9A906A1621B83E9300364E00 /* JsonMock.swift in Sources */,
				9A906A0C21B81AF100364E00 /* RequestClassTest.swift in Sources */,
			);
			runOnlyForDeploymentPostprocessing = 0;
		};
/* End PBXSourcesBuildPhase section */

/* Begin PBXTargetDependency section */
		9A9069F421B8159600364E00 /* PBXTargetDependency */ = {
			isa = PBXTargetDependency;
			target = 9A9069DD21B8159300364E00 /* SicrediChallenge */;
			targetProxy = 9A9069F321B8159600364E00 /* PBXContainerItemProxy */;
		};
/* End PBXTargetDependency section */

/* Begin PBXVariantGroup section */
		9A9069E521B8159300364E00 /* Main.storyboard */ = {
			isa = PBXVariantGroup;
			children = (
				9A9069E621B8159300364E00 /* Base */,
			);
			name = Main.storyboard;
			sourceTree = "<group>";
		};
		9A9069EA21B8159600364E00 /* LaunchScreen.storyboard */ = {
			isa = PBXVariantGroup;
			children = (
				9A9069EB21B8159600364E00 /* Base */,
			);
			name = LaunchScreen.storyboard;
			sourceTree = "<group>";
		};
/* End PBXVariantGroup section */

/* Begin XCBuildConfiguration section */
		9A9069F921B8159600364E00 /* Debug */ = {
			isa = XCBuildConfiguration;
			buildSettings = {
				ALWAYS_SEARCH_USER_PATHS = NO;
				CLANG_ANALYZER_NONNULL = YES;
				CLANG_ANALYZER_NUMBER_OBJECT_CONVERSION = YES_AGGRESSIVE;
				CLANG_CXX_LANGUAGE_STANDARD = "gnu++14";
				CLANG_CXX_LIBRARY = "libc++";
				CLANG_ENABLE_MODULES = YES;
				CLANG_ENABLE_OBJC_ARC = YES;
				CLANG_ENABLE_OBJC_WEAK = YES;
				CLANG_WARN_BLOCK_CAPTURE_AUTORELEASING = YES;
				CLANG_WARN_BOOL_CONVERSION = YES;
				CLANG_WARN_COMMA = YES;
				CLANG_WARN_CONSTANT_CONVERSION = YES;
				CLANG_WARN_DEPRECATED_OBJC_IMPLEMENTATIONS = YES;
				CLANG_WARN_DIRECT_OBJC_ISA_USAGE = YES_ERROR;
				CLANG_WARN_DOCUMENTATION_COMMENTS = YES;
				CLANG_WARN_EMPTY_BODY = YES;
				CLANG_WARN_ENUM_CONVERSION = YES;
				CLANG_WARN_INFINITE_RECURSION = YES;
				CLANG_WARN_INT_CONVERSION = YES;
				CLANG_WARN_NON_LITERAL_NULL_CONVERSION = YES;
				CLANG_WARN_OBJC_IMPLICIT_RETAIN_SELF = YES;
				CLANG_WARN_OBJC_LITERAL_CONVERSION = YES;
				CLANG_WARN_OBJC_ROOT_CLASS = YES_ERROR;
				CLANG_WARN_RANGE_LOOP_ANALYSIS = YES;
				CLANG_WARN_STRICT_PROTOTYPES = YES;
				CLANG_WARN_SUSPICIOUS_MOVE = YES;
				CLANG_WARN_UNGUARDED_AVAILABILITY = YES_AGGRESSIVE;
				CLANG_WARN_UNREACHABLE_CODE = YES;
				CLANG_WARN__DUPLICATE_METHOD_MATCH = YES;
				CODE_SIGN_IDENTITY = "iPhone Developer";
				COPY_PHASE_STRIP = NO;
				DEBUG_INFORMATION_FORMAT = dwarf;
				ENABLE_STRICT_OBJC_MSGSEND = YES;
				ENABLE_TESTABILITY = YES;
				GCC_C_LANGUAGE_STANDARD = gnu11;
				GCC_DYNAMIC_NO_PIC = NO;
				GCC_NO_COMMON_BLOCKS = YES;
				GCC_OPTIMIZATION_LEVEL = 0;
				GCC_PREPROCESSOR_DEFINITIONS = (
					"DEBUG=1",
					"$(inherited)",
				);
				GCC_WARN_64_TO_32_BIT_CONVERSION = YES;
				GCC_WARN_ABOUT_RETURN_TYPE = YES_ERROR;
				GCC_WARN_UNDECLARED_SELECTOR = YES;
				GCC_WARN_UNINITIALIZED_AUTOS = YES_AGGRESSIVE;
				GCC_WARN_UNUSED_FUNCTION = YES;
				GCC_WARN_UNUSED_VARIABLE = YES;
				IPHONEOS_DEPLOYMENT_TARGET = 12.1;
				MTL_ENABLE_DEBUG_INFO = INCLUDE_SOURCE;
				MTL_FAST_MATH = YES;
				ONLY_ACTIVE_ARCH = YES;
				SDKROOT = iphoneos;
				SWIFT_ACTIVE_COMPILATION_CONDITIONS = DEBUG;
				SWIFT_OPTIMIZATION_LEVEL = "-Onone";
			};
			name = Debug;
		};
		9A9069FA21B8159600364E00 /* Release */ = {
			isa = XCBuildConfiguration;
			buildSettings = {
				ALWAYS_SEARCH_USER_PATHS = NO;
				CLANG_ANALYZER_NONNULL = YES;
				CLANG_ANALYZER_NUMBER_OBJECT_CONVERSION = YES_AGGRESSIVE;
				CLANG_CXX_LANGUAGE_STANDARD = "gnu++14";
				CLANG_CXX_LIBRARY = "libc++";
				CLANG_ENABLE_MODULES = YES;
				CLANG_ENABLE_OBJC_ARC = YES;
				CLANG_ENABLE_OBJC_WEAK = YES;
				CLANG_WARN_BLOCK_CAPTURE_AUTORELEASING = YES;
				CLANG_WARN_BOOL_CONVERSION = YES;
				CLANG_WARN_COMMA = YES;
				CLANG_WARN_CONSTANT_CONVERSION = YES;
				CLANG_WARN_DEPRECATED_OBJC_IMPLEMENTATIONS = YES;
				CLANG_WARN_DIRECT_OBJC_ISA_USAGE = YES_ERROR;
				CLANG_WARN_DOCUMENTATION_COMMENTS = YES;
				CLANG_WARN_EMPTY_BODY = YES;
				CLANG_WARN_ENUM_CONVERSION = YES;
				CLANG_WARN_INFINITE_RECURSION = YES;
				CLANG_WARN_INT_CONVERSION = YES;
				CLANG_WARN_NON_LITERAL_NULL_CONVERSION = YES;
				CLANG_WARN_OBJC_IMPLICIT_RETAIN_SELF = YES;
				CLANG_WARN_OBJC_LITERAL_CONVERSION = YES;
				CLANG_WARN_OBJC_ROOT_CLASS = YES_ERROR;
				CLANG_WARN_RANGE_LOOP_ANALYSIS = YES;
				CLANG_WARN_STRICT_PROTOTYPES = YES;
				CLANG_WARN_SUSPICIOUS_MOVE = YES;
				CLANG_WARN_UNGUARDED_AVAILABILITY = YES_AGGRESSIVE;
				CLANG_WARN_UNREACHABLE_CODE = YES;
				CLANG_WARN__DUPLICATE_METHOD_MATCH = YES;
				CODE_SIGN_IDENTITY = "iPhone Developer";
				COPY_PHASE_STRIP = NO;
				DEBUG_INFORMATION_FORMAT = "dwarf-with-dsym";
				ENABLE_NS_ASSERTIONS = NO;
				ENABLE_STRICT_OBJC_MSGSEND = YES;
				GCC_C_LANGUAGE_STANDARD = gnu11;
				GCC_NO_COMMON_BLOCKS = YES;
				GCC_WARN_64_TO_32_BIT_CONVERSION = YES;
				GCC_WARN_ABOUT_RETURN_TYPE = YES_ERROR;
				GCC_WARN_UNDECLARED_SELECTOR = YES;
				GCC_WARN_UNINITIALIZED_AUTOS = YES_AGGRESSIVE;
				GCC_WARN_UNUSED_FUNCTION = YES;
				GCC_WARN_UNUSED_VARIABLE = YES;
				IPHONEOS_DEPLOYMENT_TARGET = 12.1;
				MTL_ENABLE_DEBUG_INFO = NO;
				MTL_FAST_MATH = YES;
				SDKROOT = iphoneos;
				SWIFT_COMPILATION_MODE = wholemodule;
				SWIFT_OPTIMIZATION_LEVEL = "-O";
				VALIDATE_PRODUCT = YES;
			};
			name = Release;
		};
		9A9069FC21B8159600364E00 /* Debug */ = {
			isa = XCBuildConfiguration;
			baseConfigurationReference = D0FA7F5E73D2E9A3DCF77D26 /* Pods-SicrediChallenge.debug.xcconfig */;
			buildSettings = {
				ASSETCATALOG_COMPILER_APPICON_NAME = AppIcon;
				CODE_SIGN_STYLE = Automatic;
				DEVELOPMENT_TEAM = B65B7G9L44;
				INFOPLIST_FILE = SicrediChallenge/Info.plist;
				LD_RUNPATH_SEARCH_PATHS = "$(inherited) @executable_path/Frameworks";
				PRODUCT_BUNDLE_IDENTIFIER = brunodorneles.SicrediChallenge;
				PRODUCT_NAME = "$(TARGET_NAME)";
				SWIFT_VERSION = 4.2;
				TARGETED_DEVICE_FAMILY = "1,2";
			};
			name = Debug;
		};
		9A9069FD21B8159600364E00 /* Release */ = {
			isa = XCBuildConfiguration;
			baseConfigurationReference = EDC75E3098B1E827DB7092E6 /* Pods-SicrediChallenge.release.xcconfig */;
			buildSettings = {
				ASSETCATALOG_COMPILER_APPICON_NAME = AppIcon;
				CODE_SIGN_STYLE = Automatic;
				DEVELOPMENT_TEAM = B65B7G9L44;
				INFOPLIST_FILE = SicrediChallenge/Info.plist;
				LD_RUNPATH_SEARCH_PATHS = "$(inherited) @executable_path/Frameworks";
				PRODUCT_BUNDLE_IDENTIFIER = brunodorneles.SicrediChallenge;
				PRODUCT_NAME = "$(TARGET_NAME)";
				SWIFT_VERSION = 4.2;
				TARGETED_DEVICE_FAMILY = "1,2";
			};
			name = Release;
		};
		9A9069FF21B8159600364E00 /* Debug */ = {
			isa = XCBuildConfiguration;
			baseConfigurationReference = FFFA4FEE3443D7223BBC5C5E /* Pods-SicrediChallengeTests.debug.xcconfig */;
			buildSettings = {
				ALWAYS_EMBED_SWIFT_STANDARD_LIBRARIES = YES;
				BUNDLE_LOADER = "$(TEST_HOST)";
				CODE_SIGN_STYLE = Automatic;
				DEVELOPMENT_TEAM = B65B7G9L44;
				INFOPLIST_FILE = SicrediChallengeTests/Info.plist;
				LD_RUNPATH_SEARCH_PATHS = "$(inherited) @executable_path/Frameworks @loader_path/Frameworks";
				PRODUCT_BUNDLE_IDENTIFIER = brunodorneles.SicrediChallengeTests;
				PRODUCT_NAME = "$(TARGET_NAME)";
				SWIFT_VERSION = 4.2;
				TARGETED_DEVICE_FAMILY = "1,2";
				TEST_HOST = "$(BUILT_PRODUCTS_DIR)/SicrediChallenge.app/SicrediChallenge";
			};
			name = Debug;
		};
		9A906A0021B8159600364E00 /* Release */ = {
			isa = XCBuildConfiguration;
			baseConfigurationReference = 86EE159E6542C6A8B400950D /* Pods-SicrediChallengeTests.release.xcconfig */;
			buildSettings = {
				ALWAYS_EMBED_SWIFT_STANDARD_LIBRARIES = YES;
				BUNDLE_LOADER = "$(TEST_HOST)";
				CODE_SIGN_STYLE = Automatic;
				DEVELOPMENT_TEAM = B65B7G9L44;
				INFOPLIST_FILE = SicrediChallengeTests/Info.plist;
				LD_RUNPATH_SEARCH_PATHS = "$(inherited) @executable_path/Frameworks @loader_path/Frameworks";
				PRODUCT_BUNDLE_IDENTIFIER = brunodorneles.SicrediChallengeTests;
				PRODUCT_NAME = "$(TARGET_NAME)";
				SWIFT_VERSION = 4.2;
				TARGETED_DEVICE_FAMILY = "1,2";
				TEST_HOST = "$(BUILT_PRODUCTS_DIR)/SicrediChallenge.app/SicrediChallenge";
			};
			name = Release;
		};
/* End XCBuildConfiguration section */

/* Begin XCConfigurationList section */
		9A9069D921B8159300364E00 /* Build configuration list for PBXProject "SicrediChallenge" */ = {
			isa = XCConfigurationList;
			buildConfigurations = (
				9A9069F921B8159600364E00 /* Debug */,
				9A9069FA21B8159600364E00 /* Release */,
			);
			defaultConfigurationIsVisible = 0;
			defaultConfigurationName = Release;
		};
		9A9069FB21B8159600364E00 /* Build configuration list for PBXNativeTarget "SicrediChallenge" */ = {
			isa = XCConfigurationList;
			buildConfigurations = (
				9A9069FC21B8159600364E00 /* Debug */,
				9A9069FD21B8159600364E00 /* Release */,
			);
			defaultConfigurationIsVisible = 0;
			defaultConfigurationName = Release;
		};
		9A9069FE21B8159600364E00 /* Build configuration list for PBXNativeTarget "SicrediChallengeTests" */ = {
			isa = XCConfigurationList;
			buildConfigurations = (
				9A9069FF21B8159600364E00 /* Debug */,
				9A906A0021B8159600364E00 /* Release */,
			);
			defaultConfigurationIsVisible = 0;
			defaultConfigurationName = Release;
		};
/* End XCConfigurationList section */
	};
	rootObject = 9A9069D621B8159300364E00 /* Project object */;
}
